# This file is automatically @generated by Cargo.
# It is not intended for manual editing.
version = 4

[[package]]
name = "addr2line"
version = "0.25.1"
source = "registry+https://github.com/rust-lang/crates.io-index"
checksum = "1b5d307320b3181d6d7954e663bd7c774a838b8220fe0593c86d9fb09f498b4b"
dependencies = [
 "gimli",
]

[[package]]
name = "adler2"
version = "2.0.1"
source = "registry+https://github.com/rust-lang/crates.io-index"
checksum = "320119579fcad9c21884f5c4861d16174d0e06250625266f50fe6898340abefa"

[[package]]
name = "arrayvec"
version = "0.5.2"
source = "registry+https://github.com/rust-lang/crates.io-index"
checksum = "23b62fc65de8e4e7f52534fb52b0f3ed04746ae267519eef2a83941e8085068b"

[[package]]
name = "backtrace"
version = "0.3.76"
source = "registry+https://github.com/rust-lang/crates.io-index"
checksum = "bb531853791a215d7c62a30daf0dde835f381ab5de4589cfe7c649d2cbe92bd6"
dependencies = [
 "addr2line",
 "cfg-if",
 "libc",
 "miniz_oxide",
 "object",
 "rustc-demangle",
 "windows-link",
]

[[package]]
name = "cfg-if"
version = "1.0.4"
source = "registry+https://github.com/rust-lang/crates.io-index"
checksum = "9330f8b2ff13f34540b44e946ef35111825727b38d33286ef986142615121801"

[[package]]
name = "chess"
version = "3.2.0"
source = "registry+https://github.com/rust-lang/crates.io-index"
checksum = "2ed299b171ec34f372945ad6726f7bc1d2afd5f59fb8380f64f48e2bab2f0ec8"
dependencies = [
 "arrayvec",
 "failure",
 "nodrop",
 "rand",
]

[[package]]
name = "failure"
version = "0.1.8"
source = "registry+https://github.com/rust-lang/crates.io-index"
checksum = "d32e9bd16cc02eae7db7ef620b392808b89f6a5e16bb3497d159c6b92a0f4f86"
dependencies = [
 "backtrace",
 "failure_derive",
]

[[package]]
name = "failure_derive"
version = "0.1.8"
source = "registry+https://github.com/rust-lang/crates.io-index"
checksum = "aa4da3c766cd7a0db8242e326e9e4e081edd567072893ed320008189715366a4"
dependencies = [
 "proc-macro2",
 "quote",
 "syn 1.0.109",
 "synstructure",
]

[[package]]
name = "fow_rl"
version = "0.1.0"
dependencies = [
 "chess",
 "pyo3",
]

[[package]]
name = "gimli"
version = "0.32.3"
source = "registry+https://github.com/rust-lang/crates.io-index"
checksum = "e629b9b98ef3dd8afe6ca2bd0f89306cec16d43d907889945bc5d6687f2f13c7"

[[package]]
name = "heck"
version = "0.5.0"
source = "registry+https://github.com/rust-lang/crates.io-index"
checksum = "2304e00983f87ffb38b55b444b5e3b60a884b5d30c0fca7d82fe33449bbe55ea"

[[package]]
name = "libc"
version = "0.2.186"
source = "registry+https://github.com/rust-lang/crates.io-index"
checksum = "68ab91017fe16c622486840e4c83c9a37afeff978bd239b5293d61ece587de66"

[[package]]
name = "memchr"
version = "2.8.0"
source = "registry+https://github.com/rust-lang/crates.io-index"
checksum = "f8ca58f447f06ed17d5fc4043ce1b10dd205e060fb3ce5b979b8ed8e59ff3f79"

[[package]]
name = "miniz_oxide"
version = "0.8.9"
source = "registry+https://github.com/rust-lang/crates.io-index"
checksum = "1fa76a2c86f704bdb222d66965fb3d63269ce38518b83cb0575fca855ebb6316"
dependencies = [
 "adler2",
]

[[package]]
name = "nodrop"
version = "0.1.14"
source = "registry+https://github.com/rust-lang/crates.io-index"
checksum = "72ef4a56884ca558e5ddb05a1d1e7e1bfd9a68d9ed024c21704cc98872dae1bb"

[[package]]
name = "object"
version = "0.37.3"
source = "registry+https://github.com/rust-lang/crates.io-index"
checksum = "ff76201f031d8863c38aa7f905eca4f53abbfa15f609db4277d44cd8938f33fe"
dependencies = [
 "memchr",
]

[[package]]
name = "once_cell"
version = "1.21.4"
source = "registry+https://github.com/rust-lang/crates.io-index"
checksum = "9f7c3e4beb33f85d45ae3e3a1792185706c8e16d043238c593331cc7cd313b50"

[[package]]
name = "portable-atomic"
version = "1.13.1"
source = "registry+https://github.com/rust-lang/crates.io-index"
checksum = "c33a9471896f1c69cecef8d20cbe2f7accd12527ce60845ff44c153bb2a21b49"

[[package]]
name = "ppv-lite86"
version = "0.2.21"
source = "registry+https://github.com/rust-lang/crates.io-index"
checksum = "85eae3c4ed2f50dcfe72643da4befc30deadb458a9b590d720cde2f2b1e97da9"
dependencies = [
 "zerocopy",
]

[[package]]
name = "proc-macro2"
version = "1.0.106"
source = "registry+https://github.com/rust-lang/crates.io-index"
checksum = "8fd00f0bb2e90d81d1044c2b32617f68fcb9fa3bb7640c23e9c748e53fb30934"
dependencies = [
 "unicode-ident",
]

[[package]]
name = "pyo3"
version = "0.28.3"
source = "registry+https://github.com/rust-lang/crates.io-index"
checksum = "91fd8e38a3b50ed1167fb981cd6fd60147e091784c427b8f7183a7ee32c31c12"
dependencies = [
 "libc",
 "once_cell",
 "portable-atomic",
 "pyo3-build-config",
 "pyo3-ffi",
 "pyo3-macros",
]

[[package]]
name = "pyo3-build-config"
version = "0.28.3"
source = "registry+https://github.com/rust-lang/crates.io-index"
checksum = "e368e7ddfdeb98c9bca7f8383be1648fd84ab466bf2bc015e94008db6d35611e"
dependencies = [
 "target-lexicon",
]

[[package]]
name = "pyo3-ffi"
version = "0.28.3"
source = "registry+https://github.com/rust-lang/crates.io-index"
checksum = "7f29e10af80b1f7ccaf7f69eace800a03ecd13e883acfacc1e5d0988605f651e"
dependencies = [
 "libc",
 "pyo3-build-config",
]

[[package]]
name = "pyo3-macros"
version = "0.28.3"
source = "registry+https://github.com/rust-lang/crates.io-index"
checksum = "df6e520eff47c45997d2fc7dd8214b25dd1310918bbb2642156ef66a67f29813"
dependencies = [
 "proc-macro2",
 "pyo3-macros-backend",
 "quote",
 "syn 2.0.117",
]

[[package]]
name = "pyo3-macros-backend"
version = "0.28.3"
source = "registry+https://github.com/rust-lang/crates.io-index"
checksum = "c4cdc218d835738f81c2338f822078af45b4afdf8b2e33cbb5916f108b813acb"
dependencies = [
 "heck",
 "proc-macro2",
 "pyo3-build-config",
 "quote",
 "syn 2.0.117",
]

[[package]]
name = "quote"
version = "1.0.45"
source = "registry+https://github.com/rust-lang/crates.io-index"
checksum = "41f2619966050689382d2b44f664f4bc593e129785a36d6ee376ddf37259b924"
dependencies = [
 "proc-macro2",
]

[[package]]
name = "rand"
version = "0.7.3"
source = "registry+https://github.com/rust-lang/crates.io-index"
checksum = "6a6b1679d49b24bbfe0c803429aa1874472f50d9b363131f0e89fc356b544d03"
dependencies = [
 "rand_chacha",
 "rand_core",
 "rand_hc",
 "rand_pcg",
]

[[package]]
name = "rand_chacha"
version = "0.2.2"
source = "registry+https://github.com/rust-lang/crates.io-index"
checksum = "f4c8ed856279c9737206bf725bf36935d8666ead7aa69b52be55af369d193402"
dependencies = [
 "ppv-lite86",
 "rand_core",
]

[[package]]
name = "rand_core"
version = "0.5.1"
source = "registry+https://github.com/rust-lang/crates.io-index"
checksum = "90bde5296fc891b0cef12a6d03ddccc162ce7b2aff54160af9338f8d40df6d19"

[[package]]
name = "rand_hc"
version = "0.2.0"
source = "registry+https://github.com/rust-lang/crates.io-index"
checksum = "ca3129af7b92a17112d59ad498c6f81eaf463253766b90396d39ea7a39d6613c"
dependencies = [
 "rand_core",
]

[[package]]
name = "rand_pcg"
version = "0.2.1"
source = "registry+https://github.com/rust-lang/crates.io-index"
checksum = "16abd0c1b639e9eb4d7c50c0b8100b0d0f849be2349829c740fe8e6eb4816429"
dependencies = [
 "rand_core",
]

[[package]]
name = "rustc-demangle"
version = "0.1.27"
source = "registry+https://github.com/rust-lang/crates.io-index"
checksum = "b50b8869d9fc858ce7266cce0194bd74df58b9d0e3f6df3a9fc8eb470d95c09d"

[[package]]
name = "syn"
version = "1.0.109"
source = "registry+https://github.com/rust-lang/crates.io-index"
checksum = "72b64191b275b66ffe2469e8af2c1cfe3bafa67b529ead792a6d0160888b4237"
dependencies = [
 "proc-macro2",
 "quote",
 "unicode-ident",
]

[[package]]
name = "syn"
version = "2.0.117"
source = "registry+https://github.com/rust-lang/crates.io-index"
checksum = "e665b8803e7b1d2a727f4023456bbbbe74da67099c585258af0ad9c5013b9b99"
dependencies = [
 "proc-macro2",
 "quote",
 "unicode-ident",
]

[[package]]
name = "synstructure"
version = "0.12.6"
source = "registry+https://github.com/rust-lang/crates.io-index"
checksum = "f36bdaa60a83aca3921b5259d5400cbf5e90fc51931376a9bd4a0eb79aa7210f"
dependencies = [
 "proc-macro2",
 "quote",
 "syn 1.0.109",
 "unicode-xid",
]

[[package]]
name = "target-lexicon"
version = "0.13.5"
source = "registry+https://github.com/rust-lang/crates.io-index"
checksum = "adb6935a6f5c20170eeceb1a3835a49e12e19d792f6dd344ccc76a985ca5a6ca"

[[package]]
name = "unicode-ident"
version = "1.0.24"
source = "registry+https://github.com/rust-lang/crates.io-index"
checksum = "e6e4313cd5fcd3dad5cafa179702e2b244f760991f45397d14d4ebf38247da75"

[[package]]
name = "unicode-xid"
version = "0.2.6"
source = "registry+https://github.com/rust-lang/crates.io-index"
checksum = "ebc1c04c71510c7f702b52b7c350734c9ff1295c464a03335b00bb84fc54f853"

[[package]]
name = "windows-link"
version = "0.2.1"
source = "registry+https://github.com/rust-lang/crates.io-index"
checksum = "f0805222e57f7521d6a62e36fa9163bc891acd422f971defe97d64e70d0a4fe5"

[[package]]
name = "zerocopy"
version = "0.8.48"
source = "registry+https://github.com/rust-lang/crates.io-index"
checksum = "eed437bf9d6692032087e337407a86f04cd8d6a16a37199ed57949d415bd68e9"
dependencies = [
 "zerocopy-derive",
]

[[package]]
name = "zerocopy-derive"
version = "0.8.48"
source = "registry+https://github.com/rust-lang/crates.io-index"
checksum = "70e3cd084b1788766f53af483dd21f93881ff30d7320490ec3ef7526d203bad4"
dependencies = [
 "proc-macro2",
 "quote",
 "syn 2.0.117",
]
